// !$*UTF8*$!
{
	archiveVersion = 1;
	classes = {
	};
	objectVersion = 50;
	objects = {

/* Begin PBXBuildFile section */
		3631D8522108A25500E82F35 /* AppDelegate.swift in Sources */ = {isa = PBXBuildFile; fileRef = 3631D8512108A25500E82F35 /* AppDelegate.swift */; };
		3631D8542108A25500E82F35 /* ViewController.swift in Sources */ = {isa = PBXBuildFile; fileRef = 3631D8532108A25500E82F35 /* ViewController.swift */; };
		3631D8572108A25500E82F35 /* Main.storyboard in Resources */ = {isa = PBXBuildFile; fileRef = 3631D8552108A25500E82F35 /* Main.storyboard */; };
		3631D8592108A25700E82F35 /* Assets.xcassets in Resources */ = {isa = PBXBuildFile; fileRef = 3631D8582108A25700E82F35 /* Assets.xcassets */; };
		3631D85C2108A25700E82F35 /* LaunchScreen.storyboard in Resources */ = {isa = PBXBuildFile; fileRef = 3631D85A2108A25700E82F35 /* LaunchScreen.storyboard */; };
		3631D8672108A25700E82F35 /* SideMenuTests.swift in Sources */ = {isa = PBXBuildFile; fileRef = 3631D8662108A25700E82F35 /* SideMenuTests.swift */; };
		3631D8722108A25700E82F35 /* SideMenuUITests.swift in Sources */ = {isa = PBXBuildFile; fileRef = 3631D8712108A25700E82F35 /* SideMenuUITests.swift */; };
		3631D8802108A74F00E82F35 /* MainContainerViewController.swift in Sources */ = {isa = PBXBuildFile; fileRef = 3631D87F2108A74F00E82F35 /* MainContainerViewController.swift */; };
		3631D8822108ACF400E82F35 /* SubMenuViewController.swift in Sources */ = {isa = PBXBuildFile; fileRef = 3631D8812108ACF400E82F35 /* SubMenuViewController.swift */; };
/* End PBXBuildFile section */

/* Begin PBXContainerItemProxy section */
		3631D8632108A25700E82F35 /* PBXContainerItemProxy */ = {
			isa = PBXContainerItemProxy;
			containerPortal = 3631D8462108A25500E82F35 /* Project object */;
			proxyType = 1;
			remoteGlobalIDString = 3631D84D2108A25500E82F35;
			remoteInfo = SideMenu;
		};
		3631D86E2108A25700E82F35 /* PBXContainerItemProxy */ = {
			isa = PBXContainerItemProxy;
			containerPortal = 3631D8462108A25500E82F35 /* Project object */;
			proxyType = 1;
			remoteGlobalIDString = 3631D84D2108A25500E82F35;
			remoteInfo = SideMenu;
		};
/* End PBXContainerItemProxy section */

/* Begin PBXFileReference section */
		3631D84E2108A25500E82F35 /* SideMenu.app */ = {isa = PBXFileReference; explicitFileType = wrapper.application; includeInIndex = 0; path = SideMenu.app; sourceTree = BUILT_PRODUCTS_DIR; };
		3631D8512108A25500E82F35 /* AppDelegate.swift */ = {isa = PBXFileReference; lastKnownFileType = sourcecode.swift; path = AppDelegate.swift; sourceTree = "<group>"; };
		3631D8532108A25500E82F35 /* ViewController.swift */ = {isa = PBXFileReference; lastKnownFileType = sourcecode.swift; path = ViewController.swift; sourceTree = "<group>"; };
		3631D8562108A25500E82F35 /* Base */ = {isa = PBXFileReference; lastKnownFileType = file.storyboard; name = Base; path = Base.lproj/Main.storyboard; sourceTree = "<group>"; };
		3631D8582108A25700E82F35 /* Assets.xcassets */ = {isa = PBXFileReference; lastKnownFileType = folder.assetcatalog; path = Assets.xcassets; sourceTree = "<group>"; };
		3631D85B2108A25700E82F35 /* Base */ = {isa = PBXFileReference; lastKnownFileType = file.storyboard; name = Base; path = Base.lproj/LaunchScreen.storyboard; sourceTree = "<group>"; };
		3631D85D2108A25700E82F35 /* Info.plist */ = {isa = PBXFileReference; lastKnownFileType = text.plist.xml; path = Info.plist; sourceTree = "<group>"; };
		3631D8622108A25700E82F35 /* SideMenuTests.xctest */ = {isa = PBXFileReference; explicitFileType = wrapper.cfbundle; includeInIndex = 0; path = SideMenuTests.xctest; sourceTree = BUILT_PRODUCTS_DIR; };
		3631D8662108A25700E82F35 /* SideMenuTests.swift */ = {isa = PBXFileReference; lastKnownFileType = sourcecode.swift; path = SideMenuTests.swift; sourceTree = "<group>"; };
		3631D8682108A25700E82F35 /* Info.plist */ = {isa = PBXFileReference; lastKnownFileType = text.plist.xml; path = Info.plist; sourceTree = "<group>"; };
		3631D86D2108A25700E82F35 /* SideMenuUITests.xctest */ = {isa = PBXFileReference; explicitFileType = wrapper.cfbundle; includeInIndex = 0; path = SideMenuUITests.xctest; sourceTree = BUILT_PRODUCTS_DIR; };
		3631D8712108A25700E82F35 /* SideMenuUITests.swift */ = {isa = PBXFileReference; lastKnownFileType = sourcecode.swift; path = SideMenuUITests.swift; sourceTree = "<group>"; };
		3631D8732108A25700E82F35 /* Info.plist */ = {isa = PBXFileReference; lastKnownFileType = text.plist.xml; path = Info.plist; sourceTree = "<group>"; };
		3631D87F2108A74F00E82F35 /* MainContainerViewController.swift */ = {isa = PBXFileReference; lastKnownFileType = sourcecode.swift; path = MainContainerViewController.swift; sourceTree = "<group>"; };
		3631D8812108ACF400E82F35 /* SubMenuViewController.swift */ = {isa = PBXFileReference; lastKnownFileType = sourcecode.swift; path = SubMenuViewController.swift; sourceTree = "<group>"; };
/* End PBXFileReference section */

/* Begin PBXFrameworksBuildPhase section */
		3631D84B2108A25500E82F35 /* Frameworks */ = {
			isa = PBXFrameworksBuildPhase;
			buildActionMask = 2147483647;
			files = (
			);
			runOnlyForDeploymentPostprocessing = 0;
		};
		3631D85F2108A25700E82F35 /* Frameworks */ = {
			isa = PBXFrameworksBuildPhase;
			buildActionMask = 2147483647;
			files = (
			);
			runOnlyForDeploymentPostprocessing = 0;
		};
		3631D86A2108A25700E82F35 /* Frameworks */ = {
			isa = PBXFrameworksBuildPhase;
			buildActionMask = 2147483647;
			files = (
			);
			runOnlyForDeploymentPostprocessing = 0;
		};
/* End PBXFrameworksBuildPhase section */

/* Begin PBXGroup section */
		3631D8452108A25500E82F35 = {
			isa = PBXGroup;
			children = (
				3631D8502108A25500E82F35 /* SideMenu */,
				3631D8652108A25700E82F35 /* SideMenuTests */,
				3631D8702108A25700E82F35 /* SideMenuUITests */,
				3631D84F2108A25500E82F35 /* Products */,
			);
			sourceTree = "<group>";
		};
		3631D84F2108A25500E82F35 /* Products */ = {
			isa = PBXGroup;
			children = (
				3631D84E2108A25500E82F35 /* SideMenu.app */,
				3631D8622108A25700E82F35 /* SideMenuTests.xctest */,
				3631D86D2108A25700E82F35 /* SideMenuUITests.xctest */,
			);
			name = Products;
			sourceTree = "<group>";
		};
		3631D8502108A25500E82F35 /* SideMenu */ = {
			isa = PBXGroup;
			children = (
				3631D8512108A25500E82F35 /* AppDelegate.swift */,
				3631D8532108A25500E82F35 /* ViewController.swift */,
				3631D8552108A25500E82F35 /* Main.storyboard */,
				3631D8582108A25700E82F35 /* Assets.xcassets */,
				3631D85A2108A25700E82F35 /* LaunchScreen.storyboard */,
				3631D85D2108A25700E82F35 /* Info.plist */,
				3631D87F2108A74F00E82F35 /* MainContainerViewController.swift */,
				3631D8812108ACF400E82F35 /* SubMenuViewController.swift */,
			);
			path = SideMenu;
			sourceTree = "<group>";
		};
		3631D8652108A25700E82F35 /* SideMenuTests */ = {
			isa = PBXGroup;
			children = (
				3631D8662108A25700E82F35 /* SideMenuTests.swift */,
				3631D8682108A25700E82F35 /* Info.plist */,
			);
			path = SideMenuTests;
			sourceTree = "<group>";
		};
		3631D8702108A25700E82F35 /* SideMenuUITests */ = {
			isa = PBXGroup;
			children = (
				3631D8712108A25700E82F35 /* SideMenuUITests.swift */,
				3631D8732108A25700E82F35 /* Info.plist */,
			);
			path = SideMenuUITests;
			sourceTree = "<group>";
		};
/* End PBXGroup section */

/* Begin PBXNativeTarget section */
		3631D84D2108A25500E82F35 /* SideMenu */ = {
			isa = PBXNativeTarget;
			buildConfigurationList = 3631D8762108A25700E82F35 /* Build configuration list for PBXNativeTarget "SideMenu" */;
			buildPhases = (
				3631D84A2108A25500E82F35 /* Sources */,
				3631D84B2108A25500E82F35 /* Frameworks */,
				3631D84C2108A25500E82F35 /* Resources */,
			);
			buildRules = (
			);
			dependencies = (
			);
			name = SideMenu;
			productName = SideMenu;
			productReference = 3631D84E2108A25500E82F35 /* SideMenu.app */;
			productType = "com.apple.product-type.application";
		};
		3631D8612108A25700E82F35 /* SideMenuTests */ = {
			isa = PBXNativeTarget;
			buildConfigurationList = 3631D8792108A25700E82F35 /* Build configuration list for PBXNativeTarget "SideMenuTests" */;
			buildPhases = (
				3631D85E2108A25700E82F35 /* Sources */,
				3631D85F2108A25700E82F35 /* Frameworks */,
				3631D8602108A25700E82F35 /* Resources */,
			);
			buildRules = (
			);
			dependencies = (
				3631D8642108A25700E82F35 /* PBXTargetDependency */,
			);
			name = SideMenuTests;
			productName = SideMenuTests;
			productReference = 3631D8622108A25700E82F35 /* SideMenuTests.xctest */;
			productType = "com.apple.product-type.bundle.unit-test";
		};
		3631D86C2108A25700E82F35 /* SideMenuUITests */ = {
			isa = PBXNativeTarget;
			buildConfigurationList = 3631D87C2108A25700E82F35 /* Build configuration list for PBXNativeTarget "SideMenuUITests" */;
			buildPhases = (
				3631D8692108A25700E82F35 /* Sources */,
				3631D86A2108A25700E82F35 /* Frameworks */,
				3631D86B2108A25700E82F35 /* Resources */,
			);
			buildRules = (
			);
			dependencies = (
				3631D86F2108A25700E82F35 /* PBXTargetDependency */,
			);
			name = SideMenuUITests;
			productName = SideMenuUITests;
			productReference = 3631D86D2108A25700E82F35 /* SideMenuUITests.xctest */;
			productType = "com.apple.product-type.bundle.ui-testing";
		};
/* End PBXNativeTarget section */

/* Begin PBXProject section */
		3631D8462108A25500E82F35 /* Project object */ = {
			isa = PBXProject;
			attributes = {
				LastSwiftUpdateCheck = 0940;
				LastUpgradeCheck = 0940;
				ORGANIZATIONNAME = Hakutaku;
				TargetAttributes = {
					3631D84D2108A25500E82F35 = {
						CreatedOnToolsVersion = 9.4.1;
					};
					3631D8612108A25700E82F35 = {
						CreatedOnToolsVersion = 9.4.1;
						TestTargetID = 3631D84D2108A25500E82F35;
					};
					3631D86C2108A25700E82F35 = {
						CreatedOnToolsVersion = 9.4.1;
						TestTargetID = 3631D84D2108A25500E82F35;
					};
				};
			};
			buildConfigurationList = 3631D8492108A25500E82F35 /* Build configuration list for PBXProject "SideMenu" */;
			compatibilityVersion = "Xcode 9.3";
			developmentRegion = en;
			hasScannedForEncodings = 0;
			knownRegions = (
				en,
				Base,
			);
			mainGroup = 3631D8452108A25500E82F35;
			productRefGroup = 3631D84F2108A25500E82F35 /* Products */;
			projectDirPath = "";
			projectRoot = "";
			targets = (
				3631D84D2108A25500E82F35 /* SideMenu */,
				3631D8612108A25700E82F35 /* SideMenuTests */,
				3631D86C2108A25700E82F35 /* SideMenuUITests */,
			);
		};
/* End PBXProject section */

/* Begin PBXResourcesBuildPhase section */
		3631D84C2108A25500E82F35 /* Resources */ = {
			isa = PBXResourcesBuildPhase;
			buildActionMask = 2147483647;
			files = (
				3631D85C2108A25700E82F35 /* LaunchScreen.storyboard in Resources */,
				3631D8592108A25700E82F35 /* Assets.xcassets in Resources */,
				3631D8572108A25500E82F35 /* Main.storyboard in Resources */,
			);
			runOnlyForDeploymentPostprocessing = 0;
		};
		3631D8602108A25700E82F35 /* Resources */ = {
			isa = PBXResourcesBuildPhase;
			buildActionMask = 2147483647;
			files = (
			);
			runOnlyForDeploymentPostprocessing = 0;
		};
		3631D86B2108A25700E82F35 /* Resources */ = {
			isa = PBXResourcesBuildPhase;
			buildActionMask = 2147483647;
			files = (
			);
			runOnlyForDeploymentPostprocessing = 0;
		};
/* End PBXResourcesBuildPhase section */

/* Begin PBXSourcesBuildPhase section */
		3631D84A2108A25500E82F35 /* Sources */ = {
			isa = PBXSourcesBuildPhase;
			buildActionMask = 2147483647;
			files = (
				3631D8822108ACF400E82F35 /* SubMenuViewController.swift in Sources */,
				3631D8542108A25500E82F35 /* ViewController.swift in Sources */,
				3631D8802108A74F00E82F35 /* MainContainerViewController.swift in Sources */,
				3631D8522108A25500E82F35 /* AppDelegate.swift in Sources */,
			);
			runOnlyForDeploymentPostprocessing = 0;
		};
		3631D85E2108A25700E82F35 /* Sources */ = {
			isa = PBXSourcesBuildPhase;
			buildActionMask = 2147483647;
			files = (
				3631D8672108A25700E82F35 /* SideMenuTests.swift in Sources */,
			);
			runOnlyForDeploymentPostprocessing = 0;
		};
		3631D8692108A25700E82F35 /* Sources */ = {
			isa = PBXSourcesBuildPhase;
			buildActionMask = 2147483647;
			files = (
				3631D8722108A25700E82F35 /* SideMenuUITests.swift in Sources */,
			);
			runOnlyForDeploymentPostprocessing = 0;
		};
/* End PBXSourcesBuildPhase section */

/* Begin PBXTargetDependency section */
		3631D8642108A25700E82F35 /* PBXTargetDependency */ = {
			isa = PBXTargetDependency;
			target = 3631D84D2108A25500E82F35 /* SideMenu */;
			targetProxy = 3631D8632108A25700E82F35 /* PBXContainerItemProxy */;
		};
		3631D86F2108A25700E82F35 /* PBXTargetDependency */ = {
			isa = PBXTargetDependency;
			target = 3631D84D2108A25500E82F35 /* SideMenu */;
			targetProxy = 3631D86E2108A25700E82F35 /* PBXContainerItemProxy */;
		};
/* End PBXTargetDependency section */

/* Begin PBXVariantGroup section */
		3631D8552108A25500E82F35 /* Main.storyboard */ = {
			isa = PBXVariantGroup;
			children = (
				3631D8562108A25500E82F35 /* Base */,
			);
			name = Main.storyboard;
			sourceTree = "<group>";
		};
		3631D85A2108A25700E82F35 /* LaunchScreen.storyboard */ = {
			isa = PBXVariantGroup;
			children = (
				3631D85B2108A25700E82F35 /* Base */,
			);
			name = LaunchScreen.storyboard;
			sourceTree = "<group>";
		};
/* End PBXVariantGroup section */

/* Begin XCBuildConfiguration section */
		3631D8742108A25700E82F35 /* Debug */ = {
			isa = XCBuildConfiguration;
			buildSettings = {
				ALWAYS_SEARCH_USER_PATHS = NO;
				CLANG_ANALYZER_NONNULL = YES;
				CLANG_ANALYZER_NUMBER_OBJECT_CONVERSION = YES_AGGRESSIVE;
				CLANG_CXX_LANGUAGE_STANDARD = "gnu++14";
				CLANG_CXX_LIBRARY = "libc++";
				CLANG_ENABLE_MODULES = YES;
				CLANG_ENABLE_OBJC_ARC = YES;
				CLANG_ENABLE_OBJC_WEAK = YES;
				CLANG_WARN_BLOCK_CAPTURE_AUTORELEASING = YES;
				CLANG_WARN_BOOL_CONVERSION = YES;
				CLANG_WARN_COMMA = YES;
				CLANG_WARN_CONSTANT_CONVERSION = YES;
				CLANG_WARN_DEPRECATED_OBJC_IMPLEMENTATIONS = YES;
				CLANG_WARN_DIRECT_OBJC_ISA_USAGE = YES_ERROR;
				CLANG_WARN_DOCUMENTATION_COMMENTS = YES;
				CLANG_WARN_EMPTY_BODY = YES;
				CLANG_WARN_ENUM_CONVERSION = YES;
				CLANG_WARN_INFINITE_RECURSION = YES;
				CLANG_WARN_INT_CONVERSION = YES;
				CLANG_WARN_NON_LITERAL_NULL_CONVERSION = YES;
				CLANG_WARN_OBJC_IMPLICIT_RETAIN_SELF = YES;
				CLANG_WARN_OBJC_LITERAL_CONVERSION = YES;
				CLANG_WARN_OBJC_ROOT_CLASS = YES_ERROR;
				CLANG_WARN_RANGE_LOOP_ANALYSIS = YES;
				CLANG_WARN_STRICT_PROTOTYPES = YES;
				CLANG_WARN_SUSPICIOUS_MOVE = YES;
				CLANG_WARN_UNGUARDED_AVAILABILITY = YES_AGGRESSIVE;
				CLANG_WARN_UNREACHABLE_CODE = YES;
				CLANG_WARN__DUPLICATE_METHOD_MATCH = YES;
				CODE_SIGN_IDENTITY = "iPhone Developer";
				COPY_PHASE_STRIP = NO;
				DEBUG_INFORMATION_FORMAT = dwarf;
				ENABLE_STRICT_OBJC_MSGSEND = YES;
				ENABLE_TESTABILITY = YES;
				GCC_C_LANGUAGE_STANDARD = gnu11;
				GCC_DYNAMIC_NO_PIC = NO;
				GCC_NO_COMMON_BLOCKS = YES;
				GCC_OPTIMIZATION_LEVEL = 0;
				GCC_PREPROCESSOR_DEFINITIONS = (
					"DEBUG=1",
					"$(inherited)",
				);
				GCC_WARN_64_TO_32_BIT_CONVERSION = YES;
				GCC_WARN_ABOUT_RETURN_TYPE = YES_ERROR;
				GCC_WARN_UNDECLARED_SELECTOR = YES;
				GCC_WARN_UNINITIALIZED_AUTOS = YES_AGGRESSIVE;
				GCC_WARN_UNUSED_FUNCTION = YES;
				GCC_WARN_UNUSED_VARIABLE = YES;
				IPHONEOS_DEPLOYMENT_TARGET = 11.4;
				MTL_ENABLE_DEBUG_INFO = YES;
				ONLY_ACTIVE_ARCH = YES;
				SDKROOT = iphoneos;
				SWIFT_ACTIVE_COMPILATION_CONDITIONS = DEBUG;
				SWIFT_OPTIMIZATION_LEVEL = "-Onone";
			};
			name = Debug;
		};
		3631D8752108A25700E82F35 /* Release */ = {
			isa = XCBuildConfiguration;
			buildSettings = {
				ALWAYS_SEARCH_USER_PATHS = NO;
				CLANG_ANALYZER_NONNULL = YES;
				CLANG_ANALYZER_NUMBER_OBJECT_CONVERSION = YES_AGGRESSIVE;
				CLANG_CXX_LANGUAGE_STANDARD = "gnu++14";
				CLANG_CXX_LIBRARY = "libc++";
				CLANG_ENABLE_MODULES = YES;
				CLANG_ENABLE_OBJC_ARC = YES;
				CLANG_ENABLE_OBJC_WEAK = YES;
				CLANG_WARN_BLOCK_CAPTURE_AUTORELEASING = YES;
				CLANG_WARN_BOOL_CONVERSION = YES;
				CLANG_WARN_COMMA = YES;
				CLANG_WARN_CONSTANT_CONVERSION = YES;
				CLANG_WARN_DEPRECATED_OBJC_IMPLEMENTATIONS = YES;
				CLANG_WARN_DIRECT_OBJC_ISA_USAGE = YES_ERROR;
				CLANG_WARN_DOCUMENTATION_COMMENTS = YES;
				CLANG_WARN_EMPTY_BODY = YES;
				CLANG_WARN_ENUM_CONVERSION = YES;
				CLANG_WARN_INFINITE_RECURSION = YES;
				CLANG_WARN_INT_CONVERSION = YES;
				CLANG_WARN_NON_LITERAL_NULL_CONVERSION = YES;
				CLANG_WARN_OBJC_IMPLICIT_RETAIN_SELF = YES;
				CLANG_WARN_OBJC_LITERAL_CONVERSION = YES;
				CLANG_WARN_OBJC_ROOT_CLASS = YES_ERROR;
				CLANG_WARN_RANGE_LOOP_ANALYSIS = YES;
				CLANG_WARN_STRICT_PROTOTYPES = YES;
				CLANG_WARN_SUSPICIOUS_MOVE = YES;
				CLANG_WARN_UNGUARDED_AVAILABILITY = YES_AGGRESSIVE;
				CLANG_WARN_UNREACHABLE_CODE = YES;
				CLANG_WARN__DUPLICATE_METHOD_MATCH = YES;
				CODE_SIGN_IDENTITY = "iPhone Developer";
				COPY_PHASE_STRIP = NO;
				DEBUG_INFORMATION_FORMAT = "dwarf-with-dsym";
				ENABLE_NS_ASSERTIONS = NO;
				ENABLE_STRICT_OBJC_MSGSEND = YES;
				GCC_C_LANGUAGE_STANDARD = gnu11;
				GCC_NO_COMMON_BLOCKS = YES;
				GCC_WARN_64_TO_32_BIT_CONVERSION = YES;
				GCC_WARN_ABOUT_RETURN_TYPE = YES_ERROR;
				GCC_WARN_UNDECLARED_SELECTOR = YES;
				GCC_WARN_UNINITIALIZED_AUTOS = YES_AGGRESSIVE;
				GCC_WARN_UNUSED_FUNCTION = YES;
				GCC_WARN_UNUSED_VARIABLE = YES;
				IPHONEOS_DEPLOYMENT_TARGET = 11.4;
				MTL_ENABLE_DEBUG_INFO = NO;
				SDKROOT = iphoneos;
				SWIFT_COMPILATION_MODE = wholemodule;
				SWIFT_OPTIMIZATION_LEVEL = "-O";
				VALIDATE_PRODUCT = YES;
			};
			name = Release;
		};
		3631D8772108A25700E82F35 /* Debug */ = {
			isa = XCBuildConfiguration;
			buildSettings = {
				ASSETCATALOG_COMPILER_APPICON_NAME = AppIcon;
				CODE_SIGN_STYLE = Automatic;
				INFOPLIST_FILE = SideMenu/Info.plist;
				LD_RUNPATH_SEARCH_PATHS = (
					"$(inherited)",
					"@executable_path/Frameworks",
				);
				PRODUCT_BUNDLE_IDENTIFIER = com.hakutaku.SideMenu;
				PRODUCT_NAME = "$(TARGET_NAME)";
				SWIFT_VERSION = 4.0;
				TARGETED_DEVICE_FAMILY = "1,2";
			};
			name = Debug;
		};
		3631D8782108A25700E82F35 /* Release */ = {
			isa = XCBuildConfiguration;
			buildSettings = {
				ASSETCATALOG_COMPILER_APPICON_NAME = AppIcon;
				CODE_SIGN_STYLE = Automatic;
				INFOPLIST_FILE = SideMenu/Info.plist;
				LD_RUNPATH_SEARCH_PATHS = (
					"$(inherited)",
					"@executable_path/Frameworks",
				);
				PRODUCT_BUNDLE_IDENTIFIER = com.hakutaku.SideMenu;
				PRODUCT_NAME = "$(TARGET_NAME)";
				SWIFT_VERSION = 4.0;
				TARGETED_DEVICE_FAMILY = "1,2";
			};
			name = Release;
		};
		3631D87A2108A25700E82F35 /* Debug */ = {
			isa = XCBuildConfiguration;
			buildSettings = {
				ALWAYS_EMBED_SWIFT_STANDARD_LIBRARIES = YES;
				BUNDLE_LOADER = "$(TEST_HOST)";
				CODE_SIGN_STYLE = Automatic;
				INFOPLIST_FILE = SideMenuTests/Info.plist;
				LD_RUNPATH_SEARCH_PATHS = (
					"$(inherited)",
					"@executable_path/Frameworks",
					"@loader_path/Frameworks",
				);
				PRODUCT_BUNDLE_IDENTIFIER = com.hakutaku.SideMenuTests;
				PRODUCT_NAME = "$(TARGET_NAME)";
				SWIFT_VERSION = 4.0;
				TARGETED_DEVICE_FAMILY = "1,2";
				TEST_HOST = "$(BUILT_PRODUCTS_DIR)/SideMenu.app/SideMenu";
			};
			name = Debug;
		};
		3631D87B2108A25700E82F35 /* Release */ = {
			isa = XCBuildConfiguration;
			buildSettings = {
				ALWAYS_EMBED_SWIFT_STANDARD_LIBRARIES = YES;
				BUNDLE_LOADER = "$(TEST_HOST)";
				CODE_SIGN_STYLE = Automatic;
				INFOPLIST_FILE = SideMenuTests/Info.plist;
				LD_RUNPATH_SEARCH_PATHS = (
					"$(inherited)",
					"@executable_path/Frameworks",
					"@loader_path/Frameworks",
				);
				PRODUCT_BUNDLE_IDENTIFIER = com.hakutaku.SideMenuTests;
				PRODUCT_NAME = "$(TARGET_NAME)";
				SWIFT_VERSION = 4.0;
				TARGETED_DEVICE_FAMILY = "1,2";
				TEST_HOST = "$(BUILT_PRODUCTS_DIR)/SideMenu.app/SideMenu";
			};
			name = Release;
		};
		3631D87D2108A25700E82F35 /* Debug */ = {
			isa = XCBuildConfiguration;
			buildSettings = {
				ALWAYS_EMBED_SWIFT_STANDARD_LIBRARIES = YES;
				CODE_SIGN_STYLE = Automatic;
				INFOPLIST_FILE = SideMenuUITests/Info.plist;
				LD_RUNPATH_SEARCH_PATHS = (
					"$(inherited)",
					"@executable_path/Frameworks",
					"@loader_path/Frameworks",
				);
				PRODUCT_BUNDLE_IDENTIFIER = com.hakutaku.SideMenuUITests;
				PRODUCT_NAME = "$(TARGET_NAME)";
				SWIFT_VERSION = 4.0;
				TARGETED_DEVICE_FAMILY = "1,2";
				TEST_TARGET_NAME = SideMenu;
			};
			name = Debug;
		};
		3631D87E2108A25700E82F35 /* Release */ = {
			isa = XCBuildConfiguration;
			buildSettings = {
				ALWAYS_EMBED_SWIFT_STANDARD_LIBRARIES = YES;
				CODE_SIGN_STYLE = Automatic;
				INFOPLIST_FILE = SideMenuUITests/Info.plist;
				LD_RUNPATH_SEARCH_PATHS = (
					"$(inherited)",
					"@executable_path/Frameworks",
					"@loader_path/Frameworks",
				);
				PRODUCT_BUNDLE_IDENTIFIER = com.hakutaku.SideMenuUITests;
				PRODUCT_NAME = "$(TARGET_NAME)";
				SWIFT_VERSION = 4.0;
				TARGETED_DEVICE_FAMILY = "1,2";
				TEST_TARGET_NAME = SideMenu;
			};
			name = Release;
		};
/* End XCBuildConfiguration section */

/* Begin XCConfigurationList section */
		3631D8492108A25500E82F35 /* Build configuration list for PBXProject "SideMenu" */ = {
			isa = XCConfigurationList;
			buildConfigurations = (
				3631D8742108A25700E82F35 /* Debug */,
				3631D8752108A25700E82F35 /* Release */,
			);
			defaultConfigurationIsVisible = 0;
			defaultConfigurationName = Release;
		};
		3631D8762108A25700E82F35 /* Build configuration list for PBXNativeTarget "SideMenu" */ = {
			isa = XCConfigurationList;
			buildConfigurations = (
				3631D8772108A25700E82F35 /* Debug */,
				3631D8782108A25700E82F35 /* Release */,
			);
			defaultConfigurationIsVisible = 0;
			defaultConfigurationName = Release;
		};
		3631D8792108A25700E82F35 /* Build configuration list for PBXNativeTarget "SideMenuTests" */ = {
			isa = XCConfigurationList;
			buildConfigurations = (
				3631D87A2108A25700E82F35 /* Debug */,
				3631D87B2108A25700E82F35 /* Release */,
			);
			defaultConfigurationIsVisible = 0;
			defaultConfigurationName = Release;
		};
		3631D87C2108A25700E82F35 /* Build configuration list for PBXNativeTarget "SideMenuUITests" */ = {
			isa = XCConfigurationList;
			buildConfigurations = (
				3631D87D2108A25700E82F35 /* Debug */,
				3631D87E2108A25700E82F35 /* Release */,
			);
			defaultConfigurationIsVisible = 0;
			defaultConfigurationName = Release;
		};
/* End XCConfigurationList section */
	};
	rootObject = 3631D8462108A25500E82F35 /* Project object */;
}
